
Microsoft Visual Studio Solution File, Format Version 12.00
# Visual Studio Version 17
VisualStudioVersion = 17.2.32526.322
MinimumVisualStudioVersion = 10.0.40219.1
Project("{FAE04EC0-301F-11D3-BF4B-00C04F79EFBC}") = "HCI_CSharp", "HCI_CSharp\HCI_CSharp.csproj", "{65021E38-C13C-4EEF-BA82-6B030449E937}"
EndProject
Global
	GlobalSection(SolutionConfigurationPlatforms) = preSolution
		Debug|Any CPU = Debug|Any CPU
		Release|Any CPU = Release|Any CPU
	EndGlobalSection
	GlobalSection(ProjectConfigurationPlatforms) = postSolution
		{65021E38-C13C-4EEF-BA82-6B030449E937}.Debug|Any CPU.ActiveCfg = Debug|Any CPU
		{65021E38-C13C-4EEF-BA82-6B030449E937}.Debug|Any CPU.Build.0 = Debug|Any CPU
		{65021E38-C13C-4EEF-BA82-6B030449E937}.Release|Any CPU.ActiveCfg = Release|Any CPU
		{65021E38-C13C-4EEF-BA82-6B030449E937}.Release|Any CPU.Build.0 = Release|Any CPU
	EndGlobalSection
	GlobalSection(SolutionProperties) = preSolution
		HideSolutionNode = FALSE
	EndGlobalSection
	GlobalSection(ExtensibilityGlobals) = postSolution
		SolutionGuid = {EA4109E0-327E-41A0-89A5-43FEA5D40709}
	EndGlobalSection
EndGlobal
